
Microsoft Visual Studio Solution File, Format Version 12.00
# Visual Studio Version 17
VisualStudioVersion = 17.4.33213.308
MinimumVisualStudioVersion = 10.0.40219.1
Project("{FAE04EC0-301F-11D3-BF4B-00C04F79EFBC}") = "Tp2", "Tp2\Tp2.csproj", "{F17D05A6-12F2-4C4F-AB98-17B57730B32F}"
EndProject
Global
	GlobalSection(SolutionConfigurationPlatforms) = preSolution
		Debug|Any CPU = Debug|Any CPU
		Release|Any CPU = Release|Any CPU
	EndGlobalSection
	GlobalSection(ProjectConfigurationPlatforms) = postSolution
		{F17D05A6-12F2-4C4F-AB98-17B57730B32F}.Debug|Any CPU.ActiveCfg = Debug|Any CPU
		{F17D05A6-12F2-4C4F-AB98-17B57730B32F}.Debug|Any CPU.Build.0 = Debug|Any CPU
		{F17D05A6-12F2-4C4F-AB98-17B57730B32F}.Release|Any CPU.ActiveCfg = Release|Any CPU
		{F17D05A6-12F2-4C4F-AB98-17B57730B32F}.Release|Any CPU.Build.0 = Release|Any CPU
	EndGlobalSection
	GlobalSection(SolutionProperties) = preSolution
		HideSolutionNode = FALSE
	EndGlobalSection
	GlobalSection(ExtensibilityGlobals) = postSolution
		SolutionGuid = {5D464491-7F8F-4110-81BD-EE8D0FC3E75A}
	EndGlobalSection
EndGlobal
